// !$*UTF8*$!
{
	archiveVersion = 1;
	classes = {
	};
	objectVersion = 46;
	objects = {

/* Begin PBXBuildFile section */
		E7CC0DFA1C059DE40056CB2D /* main.m in Sources */ = {isa = PBXBuildFile; fileRef = E7CC0DF91C059DE40056CB2D /* main.m */; };
		E7CC0DFD1C059DE40056CB2D /* AppDelegate.m in Sources */ = {isa = PBXBuildFile; fileRef = E7CC0DFC1C059DE40056CB2D /* AppDelegate.m */; };
		E7CC0E001C059DE40056CB2D /* ViewController.m in Sources */ = {isa = PBXBuildFile; fileRef = E7CC0DFF1C059DE40056CB2D /* ViewController.m */; };
		E7CC0E031C059DE40056CB2D /* Main.storyboard in Resources */ = {isa = PBXBuildFile; fileRef = E7CC0E011C059DE40056CB2D /* Main.storyboard */; };
		E7CC0E051C059DE40056CB2D /* Assets.xcassets in Resources */ = {isa = PBXBuildFile; fileRef = E7CC0E041C059DE40056CB2D /* Assets.xcassets */; };
		E7CC0E081C059DE40056CB2D /* LaunchScreen.storyboard in Resources */ = {isa = PBXBuildFile; fileRef = E7CC0E061C059DE40056CB2D /* LaunchScreen.storyboard */; };
		E7CC0E131C059DE40056CB2D /* DesignPatter_VisitorTests.m in Sources */ = {isa = PBXBuildFile; fileRef = E7CC0E121C059DE40056CB2D /* DesignPatter_VisitorTests.m */; };
		E7CC0E1E1C059DE50056CB2D /* DesignPatter_VisitorUITests.m in Sources */ = {isa = PBXBuildFile; fileRef = E7CC0E1D1C059DE50056CB2D /* DesignPatter_VisitorUITests.m */; };
		E7CC0E321C05A3AE0056CB2D /* Pipeline.m in Sources */ = {isa = PBXBuildFile; fileRef = E7CC0E311C05A3AE0056CB2D /* Pipeline.m */; };
		E7CC0E351C05A42B0056CB2D /* Electrical.m in Sources */ = {isa = PBXBuildFile; fileRef = E7CC0E341C05A42B0056CB2D /* Electrical.m */; };
		E7DA7AB61C06FF09004A478B /* Plumber.m in Sources */ = {isa = PBXBuildFile; fileRef = E7DA7AB51C06FF09004A478B /* Plumber.m */; };
		E7DA7AB91C07000B004A478B /* Electrician.m in Sources */ = {isa = PBXBuildFile; fileRef = E7DA7AB81C07000B004A478B /* Electrician.m */; };
		E7DA7ABC1C070118004A478B /* House.m in Sources */ = {isa = PBXBuildFile; fileRef = E7DA7ABB1C070118004A478B /* House.m */; };
/* End PBXBuildFile section */

/* Begin PBXContainerItemProxy section */
		E7CC0E0F1C059DE40056CB2D /* PBXContainerItemProxy */ = {
			isa = PBXContainerItemProxy;
			containerPortal = E7CC0DED1C059DE40056CB2D /* Project object */;
			proxyType = 1;
			remoteGlobalIDString = E7CC0DF41C059DE40056CB2D;
			remoteInfo = "DesignPatter-Visitor";
		};
		E7CC0E1A1C059DE50056CB2D /* PBXContainerItemProxy */ = {
			isa = PBXContainerItemProxy;
			containerPortal = E7CC0DED1C059DE40056CB2D /* Project object */;
			proxyType = 1;
			remoteGlobalIDString = E7CC0DF41C059DE40056CB2D;
			remoteInfo = "DesignPatter-Visitor";
		};
/* End PBXContainerItemProxy section */

/* Begin PBXFileReference section */
		E7CC0DF51C059DE40056CB2D /* DesignPatter-Visitor.app */ = {isa = PBXFileReference; explicitFileType = wrapper.application; includeInIndex = 0; path = "DesignPatter-Visitor.app"; sourceTree = BUILT_PRODUCTS_DIR; };
		E7CC0DF91C059DE40056CB2D /* main.m */ = {isa = PBXFileReference; lastKnownFileType = sourcecode.c.objc; path = main.m; sourceTree = "<group>"; };
		E7CC0DFB1C059DE40056CB2D /* AppDelegate.h */ = {isa = PBXFileReference; lastKnownFileType = sourcecode.c.h; path = AppDelegate.h; sourceTree = "<group>"; };
		E7CC0DFC1C059DE40056CB2D /* AppDelegate.m */ = {isa = PBXFileReference; lastKnownFileType = sourcecode.c.objc; path = AppDelegate.m; sourceTree = "<group>"; };
		E7CC0DFE1C059DE40056CB2D /* ViewController.h */ = {isa = PBXFileReference; lastKnownFileType = sourcecode.c.h; path = ViewController.h; sourceTree = "<group>"; };
		E7CC0DFF1C059DE40056CB2D /* ViewController.m */ = {isa = PBXFileReference; lastKnownFileType = sourcecode.c.objc; path = ViewController.m; sourceTree = "<group>"; };
		E7CC0E021C059DE40056CB2D /* Base */ = {isa = PBXFileReference; lastKnownFileType = file.storyboard; name = Base; path = Base.lproj/Main.storyboard; sourceTree = "<group>"; };
		E7CC0E041C059DE40056CB2D /* Assets.xcassets */ = {isa = PBXFileReference; lastKnownFileType = folder.assetcatalog; path = Assets.xcassets; sourceTree = "<group>"; };
		E7CC0E071C059DE40056CB2D /* Base */ = {isa = PBXFileReference; lastKnownFileType = file.storyboard; name = Base; path = Base.lproj/LaunchScreen.storyboard; sourceTree = "<group>"; };
		E7CC0E091C059DE40056CB2D /* Info.plist */ = {isa = PBXFileReference; lastKnownFileType = text.plist.xml; path = Info.plist; sourceTree = "<group>"; };
		E7CC0E0E1C059DE40056CB2D /* DesignPatter-VisitorTests.xctest */ = {isa = PBXFileReference; explicitFileType = wrapper.cfbundle; includeInIndex = 0; path = "DesignPatter-VisitorTests.xctest"; sourceTree = BUILT_PRODUCTS_DIR; };
		E7CC0E121C059DE40056CB2D /* DesignPatter_VisitorTests.m */ = {isa = PBXFileReference; lastKnownFileType = sourcecode.c.objc; path = DesignPatter_VisitorTests.m; sourceTree = "<group>"; };
		E7CC0E141C059DE40056CB2D /* Info.plist */ = {isa = PBXFileReference; lastKnownFileType = text.plist.xml; path = Info.plist; sourceTree = "<group>"; };
		E7CC0E191C059DE50056CB2D /* DesignPatter-VisitorUITests.xctest */ = {isa = PBXFileReference; explicitFileType = wrapper.cfbundle; includeInIndex = 0; path = "DesignPatter-VisitorUITests.xctest"; sourceTree = BUILT_PRODUCTS_DIR; };
		E7CC0E1D1C059DE50056CB2D /* DesignPatter_VisitorUITests.m */ = {isa = PBXFileReference; lastKnownFileType = sourcecode.c.objc; path = DesignPatter_VisitorUITests.m; sourceTree = "<group>"; };
		E7CC0E1F1C059DE50056CB2D /* Info.plist */ = {isa = PBXFileReference; lastKnownFileType = text.plist.xml; path = Info.plist; sourceTree = "<group>"; };
		E7CC0E2F1C05A2470056CB2D /* Contractor.h */ = {isa = PBXFileReference; fileEncoding = 4; lastKnownFileType = sourcecode.c.h; name = Contractor.h; path = visitor/Contractor.h; sourceTree = "<group>"; };
		E7CC0E301C05A3AE0056CB2D /* Pipeline.h */ = {isa = PBXFileReference; fileEncoding = 4; lastKnownFileType = sourcecode.c.h; name = Pipeline.h; path = visitor/Pipeline.h; sourceTree = "<group>"; };
		E7CC0E311C05A3AE0056CB2D /* Pipeline.m */ = {isa = PBXFileReference; fileEncoding = 4; lastKnownFileType = sourcecode.c.objc; name = Pipeline.m; path = visitor/Pipeline.m; sourceTree = "<group>"; };
		E7CC0E331C05A42B0056CB2D /* Electrical.h */ = {isa = PBXFileReference; fileEncoding = 4; lastKnownFileType = sourcecode.c.h; name = Electrical.h; path = visitor/Electrical.h; sourceTree = "<group>"; };
		E7CC0E341C05A42B0056CB2D /* Electrical.m */ = {isa = PBXFileReference; fileEncoding = 4; lastKnownFileType = sourcecode.c.objc; name = Electrical.m; path = visitor/Electrical.m; sourceTree = "<group>"; };
		E7DA7AB41C06FF09004A478B /* Plumber.h */ = {isa = PBXFileReference; fileEncoding = 4; lastKnownFileType = sourcecode.c.h; path = Plumber.h; sourceTree = "<group>"; };
		E7DA7AB51C06FF09004A478B /* Plumber.m */ = {isa = PBXFileReference; fileEncoding = 4; lastKnownFileType = sourcecode.c.objc; path = Plumber.m; sourceTree = "<group>"; };
		E7DA7AB71C07000B004A478B /* Electrician.h */ = {isa = PBXFileReference; fileEncoding = 4; lastKnownFileType = sourcecode.c.h; path = Electrician.h; sourceTree = "<group>"; };
		E7DA7AB81C07000B004A478B /* Electrician.m */ = {isa = PBXFileReference; fileEncoding = 4; lastKnownFileType = sourcecode.c.objc; path = Electrician.m; sourceTree = "<group>"; };
		E7DA7ABA1C070118004A478B /* House.h */ = {isa = PBXFileReference; fileEncoding = 4; lastKnownFileType = sourcecode.c.h; path = House.h; sourceTree = "<group>"; };
		E7DA7ABB1C070118004A478B /* House.m */ = {isa = PBXFileReference; fileEncoding = 4; lastKnownFileType = sourcecode.c.objc; path = House.m; sourceTree = "<group>"; };
/* End PBXFileReference section */

/* Begin PBXFrameworksBuildPhase section */
		E7CC0DF21C059DE40056CB2D /* Frameworks */ = {
			isa = PBXFrameworksBuildPhase;
			buildActionMask = 2147483647;
			files = (
			);
			runOnlyForDeploymentPostprocessing = 0;
		};
		E7CC0E0B1C059DE40056CB2D /* Frameworks */ = {
			isa = PBXFrameworksBuildPhase;
			buildActionMask = 2147483647;
			files = (
			);
			runOnlyForDeploymentPostprocessing = 0;
		};
		E7CC0E161C059DE50056CB2D /* Frameworks */ = {
			isa = PBXFrameworksBuildPhase;
			buildActionMask = 2147483647;
			files = (
			);
			runOnlyForDeploymentPostprocessing = 0;
		};
/* End PBXFrameworksBuildPhase section */

/* Begin PBXGroup section */
		E7CC0DEC1C059DE40056CB2D = {
			isa = PBXGroup;
			children = (
				E7CC0DF71C059DE40056CB2D /* DesignPatter-Visitor */,
				E7CC0E111C059DE40056CB2D /* DesignPatter-VisitorTests */,
				E7CC0E1C1C059DE50056CB2D /* DesignPatter-VisitorUITests */,
				E7CC0DF61C059DE40056CB2D /* Products */,
			);
			sourceTree = "<group>";
		};
		E7CC0DF61C059DE40056CB2D /* Products */ = {
			isa = PBXGroup;
			children = (
				E7CC0DF51C059DE40056CB2D /* DesignPatter-Visitor.app */,
				E7CC0E0E1C059DE40056CB2D /* DesignPatter-VisitorTests.xctest */,
				E7CC0E191C059DE50056CB2D /* DesignPatter-VisitorUITests.xctest */,
			);
			name = Products;
			sourceTree = "<group>";
		};
		E7CC0DF71C059DE40056CB2D /* DesignPatter-Visitor */ = {
			isa = PBXGroup;
			children = (
				E7CC0E2B1C059FE50056CB2D /* Contractor */,
				E7CC0DFB1C059DE40056CB2D /* AppDelegate.h */,
				E7CC0DFC1C059DE40056CB2D /* AppDelegate.m */,
				E7CC0DFE1C059DE40056CB2D /* ViewController.h */,
				E7CC0DFF1C059DE40056CB2D /* ViewController.m */,
				E7CC0E011C059DE40056CB2D /* Main.storyboard */,
				E7CC0E041C059DE40056CB2D /* Assets.xcassets */,
				E7CC0E061C059DE40056CB2D /* LaunchScreen.storyboard */,
				E7CC0E091C059DE40056CB2D /* Info.plist */,
				E7CC0DF81C059DE40056CB2D /* Supporting Files */,
			);
			path = "DesignPatter-Visitor";
			sourceTree = "<group>";
		};
		E7CC0DF81C059DE40056CB2D /* Supporting Files */ = {
			isa = PBXGroup;
			children = (
				E7CC0DF91C059DE40056CB2D /* main.m */,
			);
			name = "Supporting Files";
			sourceTree = "<group>";
		};
		E7CC0E111C059DE40056CB2D /* DesignPatter-VisitorTests */ = {
			isa = PBXGroup;
			children = (
				E7CC0E121C059DE40056CB2D /* DesignPatter_VisitorTests.m */,
				E7CC0E141C059DE40056CB2D /* Info.plist */,
			);
			path = "DesignPatter-VisitorTests";
			sourceTree = "<group>";
		};
		E7CC0E1C1C059DE50056CB2D /* DesignPatter-VisitorUITests */ = {
			isa = PBXGroup;
			children = (
				E7CC0E1D1C059DE50056CB2D /* DesignPatter_VisitorUITests.m */,
				E7CC0E1F1C059DE50056CB2D /* Info.plist */,
			);
			path = "DesignPatter-VisitorUITests";
			sourceTree = "<group>";
		};
		E7CC0E2B1C059FE50056CB2D /* Contractor */ = {
			isa = PBXGroup;
			children = (
				E7CC0E2F1C05A2470056CB2D /* Contractor.h */,
				E7DA7ABA1C070118004A478B /* House.h */,
				E7DA7ABB1C070118004A478B /* House.m */,
				E7CC0E301C05A3AE0056CB2D /* Pipeline.h */,
				E7CC0E311C05A3AE0056CB2D /* Pipeline.m */,
				E7CC0E331C05A42B0056CB2D /* Electrical.h */,
				E7CC0E341C05A42B0056CB2D /* Electrical.m */,
				E7DA7AB41C06FF09004A478B /* Plumber.h */,
				E7DA7AB51C06FF09004A478B /* Plumber.m */,
				E7DA7AB71C07000B004A478B /* Electrician.h */,
				E7DA7AB81C07000B004A478B /* Electrician.m */,
			);
			name = Contractor;
			sourceTree = "<group>";
		};
/* End PBXGroup section */

/* Begin PBXNativeTarget section */
		E7CC0DF41C059DE40056CB2D /* DesignPatter-Visitor */ = {
			isa = PBXNativeTarget;
			buildConfigurationList = E7CC0E221C059DE50056CB2D /* Build configuration list for PBXNativeTarget "DesignPatter-Visitor" */;
			buildPhases = (
				E7CC0DF11C059DE40056CB2D /* Sources */,
				E7CC0DF21C059DE40056CB2D /* Frameworks */,
				E7CC0DF31C059DE40056CB2D /* Resources */,
			);
			buildRules = (
			);
			dependencies = (
			);
			name = "DesignPatter-Visitor";
			productName = "DesignPatter-Visitor";
			productReference = E7CC0DF51C059DE40056CB2D /* DesignPatter-Visitor.app */;
			productType = "com.apple.product-type.application";
		};
		E7CC0E0D1C059DE40056CB2D /* DesignPatter-VisitorTests */ = {
			isa = PBXNativeTarget;
			buildConfigurationList = E7CC0E251C059DE50056CB2D /* Build configuration list for PBXNativeTarget "DesignPatter-VisitorTests" */;
			buildPhases = (
				E7CC0E0A1C059DE40056CB2D /* Sources */,
				E7CC0E0B1C059DE40056CB2D /* Frameworks */,
				E7CC0E0C1C059DE40056CB2D /* Resources */,
			);
			buildRules = (
			);
			dependencies = (
				E7CC0E101C059DE40056CB2D /* PBXTargetDependency */,
			);
			name = "DesignPatter-VisitorTests";
			productName = "DesignPatter-VisitorTests";
			productReference = E7CC0E0E1C059DE40056CB2D /* DesignPatter-VisitorTests.xctest */;
			productType = "com.apple.product-type.bundle.unit-test";
		};
		E7CC0E181C059DE50056CB2D /* DesignPatter-VisitorUITests */ = {
			isa = PBXNativeTarget;
			buildConfigurationList = E7CC0E281C059DE50056CB2D /* Build configuration list for PBXNativeTarget "DesignPatter-VisitorUITests" */;
			buildPhases = (
				E7CC0E151C059DE50056CB2D /* Sources */,
				E7CC0E161C059DE50056CB2D /* Frameworks */,
				E7CC0E171C059DE50056CB2D /* Resources */,
			);
			buildRules = (
			);
			dependencies = (
				E7CC0E1B1C059DE50056CB2D /* PBXTargetDependency */,
			);
			name = "DesignPatter-VisitorUITests";
			productName = "DesignPatter-VisitorUITests";
			productReference = E7CC0E191C059DE50056CB2D /* DesignPatter-VisitorUITests.xctest */;
			productType = "com.apple.product-type.bundle.ui-testing";
		};
/* End PBXNativeTarget section */

/* Begin PBXProject section */
		E7CC0DED1C059DE40056CB2D /* Project object */ = {
			isa = PBXProject;
			attributes = {
				LastUpgradeCheck = 0710;
				ORGANIZATIONNAME = ASE;
				TargetAttributes = {
					E7CC0DF41C059DE40056CB2D = {
						CreatedOnToolsVersion = 7.1;
					};
					E7CC0E0D1C059DE40056CB2D = {
						CreatedOnToolsVersion = 7.1;
						TestTargetID = E7CC0DF41C059DE40056CB2D;
					};
					E7CC0E181C059DE50056CB2D = {
						CreatedOnToolsVersion = 7.1;
						TestTargetID = E7CC0DF41C059DE40056CB2D;
					};
				};
			};
			buildConfigurationList = E7CC0DF01C059DE40056CB2D /* Build configuration list for PBXProject "DesignPatter-Visitor" */;
			compatibilityVersion = "Xcode 3.2";
			developmentRegion = English;
			hasScannedForEncodings = 0;
			knownRegions = (
				en,
				Base,
			);
			mainGroup = E7CC0DEC1C059DE40056CB2D;
			productRefGroup = E7CC0DF61C059DE40056CB2D /* Products */;
			projectDirPath = "";
			projectRoot = "";
			targets = (
				E7CC0DF41C059DE40056CB2D /* DesignPatter-Visitor */,
				E7CC0E0D1C059DE40056CB2D /* DesignPatter-VisitorTests */,
				E7CC0E181C059DE50056CB2D /* DesignPatter-VisitorUITests */,
			);
		};
/* End PBXProject section */

/* Begin PBXResourcesBuildPhase section */
		E7CC0DF31C059DE40056CB2D /* Resources */ = {
			isa = PBXResourcesBuildPhase;
			buildActionMask = 2147483647;
			files = (
				E7CC0E081C059DE40056CB2D /* LaunchScreen.storyboard in Resources */,
				E7CC0E051C059DE40056CB2D /* Assets.xcassets in Resources */,
				E7CC0E031C059DE40056CB2D /* Main.storyboard in Resources */,
			);
			runOnlyForDeploymentPostprocessing = 0;
		};
		E7CC0E0C1C059DE40056CB2D /* Resources */ = {
			isa = PBXResourcesBuildPhase;
			buildActionMask = 2147483647;
			files = (
			);
			runOnlyForDeploymentPostprocessing = 0;
		};
		E7CC0E171C059DE50056CB2D /* Resources */ = {
			isa = PBXResourcesBuildPhase;
			buildActionMask = 2147483647;
			files = (
			);
			runOnlyForDeploymentPostprocessing = 0;
		};
/* End PBXResourcesBuildPhase section */

/* Begin PBXSourcesBuildPhase section */
		E7CC0DF11C059DE40056CB2D /* Sources */ = {
			isa = PBXSourcesBuildPhase;
			buildActionMask = 2147483647;
			files = (
				E7CC0E351C05A42B0056CB2D /* Electrical.m in Sources */,
				E7CC0E001C059DE40056CB2D /* ViewController.m in Sources */,
				E7CC0DFD1C059DE40056CB2D /* AppDelegate.m in Sources */,
				E7DA7AB61C06FF09004A478B /* Plumber.m in Sources */,
				E7CC0E321C05A3AE0056CB2D /* Pipeline.m in Sources */,
				E7CC0DFA1C059DE40056CB2D /* main.m in Sources */,
				E7DA7ABC1C070118004A478B /* House.m in Sources */,
				E7DA7AB91C07000B004A478B /* Electrician.m in Sources */,
			);
			runOnlyForDeploymentPostprocessing = 0;
		};
		E7CC0E0A1C059DE40056CB2D /* Sources */ = {
			isa = PBXSourcesBuildPhase;
			buildActionMask = 2147483647;
			files = (
				E7CC0E131C059DE40056CB2D /* DesignPatter_VisitorTests.m in Sources */,
			);
			runOnlyForDeploymentPostprocessing = 0;
		};
		E7CC0E151C059DE50056CB2D /* Sources */ = {
			isa = PBXSourcesBuildPhase;
			buildActionMask = 2147483647;
			files = (
				E7CC0E1E1C059DE50056CB2D /* DesignPatter_VisitorUITests.m in Sources */,
			);
			runOnlyForDeploymentPostprocessing = 0;
		};
/* End PBXSourcesBuildPhase section */

/* Begin PBXTargetDependency section */
		E7CC0E101C059DE40056CB2D /* PBXTargetDependency */ = {
			isa = PBXTargetDependency;
			target = E7CC0DF41C059DE40056CB2D /* DesignPatter-Visitor */;
			targetProxy = E7CC0E0F1C059DE40056CB2D /* PBXContainerItemProxy */;
		};
		E7CC0E1B1C059DE50056CB2D /* PBXTargetDependency */ = {
			isa = PBXTargetDependency;
			target = E7CC0DF41C059DE40056CB2D /* DesignPatter-Visitor */;
			targetProxy = E7CC0E1A1C059DE50056CB2D /* PBXContainerItemProxy */;
		};
/* End PBXTargetDependency section */

/* Begin PBXVariantGroup section */
		E7CC0E011C059DE40056CB2D /* Main.storyboard */ = {
			isa = PBXVariantGroup;
			children = (
				E7CC0E021C059DE40056CB2D /* Base */,
			);
			name = Main.storyboard;
			sourceTree = "<group>";
		};
		E7CC0E061C059DE40056CB2D /* LaunchScreen.storyboard */ = {
			isa = PBXVariantGroup;
			children = (
				E7CC0E071C059DE40056CB2D /* Base */,
			);
			name = LaunchScreen.storyboard;
			sourceTree = "<group>";
		};
/* End PBXVariantGroup section */

/* Begin XCBuildConfiguration section */
		E7CC0E201C059DE50056CB2D /* Debug */ = {
			isa = XCBuildConfiguration;
			buildSettings = {
				ALWAYS_SEARCH_USER_PATHS = NO;
				CLANG_CXX_LANGUAGE_STANDARD = "gnu++0x";
				CLANG_CXX_LIBRARY = "libc++";
				CLANG_ENABLE_MODULES = YES;
				CLANG_ENABLE_OBJC_ARC = YES;
				CLANG_WARN_BOOL_CONVERSION = YES;
				CLANG_WARN_CONSTANT_CONVERSION = YES;
				CLANG_WARN_DIRECT_OBJC_ISA_USAGE = YES_ERROR;
				CLANG_WARN_EMPTY_BODY = YES;
				CLANG_WARN_ENUM_CONVERSION = YES;
				CLANG_WARN_INT_CONVERSION = YES;
				CLANG_WARN_OBJC_ROOT_CLASS = YES_ERROR;
				CLANG_WARN_UNREACHABLE_CODE = YES;
				CLANG_WARN__DUPLICATE_METHOD_MATCH = YES;
				"CODE_SIGN_IDENTITY[sdk=iphoneos*]" = "iPhone Developer";
				COPY_PHASE_STRIP = NO;
				DEBUG_INFORMATION_FORMAT = dwarf;
				ENABLE_STRICT_OBJC_MSGSEND = YES;
				ENABLE_TESTABILITY = YES;
				GCC_C_LANGUAGE_STANDARD = gnu99;
				GCC_DYNAMIC_NO_PIC = NO;
				GCC_NO_COMMON_BLOCKS = YES;
				GCC_OPTIMIZATION_LEVEL = 0;
				GCC_PREPROCESSOR_DEFINITIONS = (
					"DEBUG=1",
					"$(inherited)",
				);
				GCC_WARN_64_TO_32_BIT_CONVERSION = YES;
				GCC_WARN_ABOUT_RETURN_TYPE = YES_ERROR;
				GCC_WARN_UNDECLARED_SELECTOR = YES;
				GCC_WARN_UNINITIALIZED_AUTOS = YES_AGGRESSIVE;
				GCC_WARN_UNUSED_FUNCTION = YES;
				GCC_WARN_UNUSED_VARIABLE = YES;
				IPHONEOS_DEPLOYMENT_TARGET = 9.1;
				MTL_ENABLE_DEBUG_INFO = YES;
				ONLY_ACTIVE_ARCH = YES;
				SDKROOT = iphoneos;
			};
			name = Debug;
		};
		E7CC0E211C059DE50056CB2D /* Release */ = {
			isa = XCBuildConfiguration;
			buildSettings = {
				ALWAYS_SEARCH_USER_PATHS = NO;
				CLANG_CXX_LANGUAGE_STANDARD = "gnu++0x";
				CLANG_CXX_LIBRARY = "libc++";
				CLANG_ENABLE_MODULES = YES;
				CLANG_ENABLE_OBJC_ARC = YES;
				CLANG_WARN_BOOL_CONVERSION = YES;
				CLANG_WARN_CONSTANT_CONVERSION = YES;
				CLANG_WARN_DIRECT_OBJC_ISA_USAGE = YES_ERROR;
				CLANG_WARN_EMPTY_BODY = YES;
				CLANG_WARN_ENUM_CONVERSION = YES;
				CLANG_WARN_INT_CONVERSION = YES;
				CLANG_WARN_OBJC_ROOT_CLASS = YES_ERROR;
				CLANG_WARN_UNREACHABLE_CODE = YES;
				CLANG_WARN__DUPLICATE_METHOD_MATCH = YES;
				"CODE_SIGN_IDENTITY[sdk=iphoneos*]" = "iPhone Developer";
				COPY_PHASE_STRIP = NO;
				DEBUG_INFORMATION_FORMAT = "dwarf-with-dsym";
				ENABLE_NS_ASSERTIONS = NO;
				ENABLE_STRICT_OBJC_MSGSEND = YES;
				GCC_C_LANGUAGE_STANDARD = gnu99;
				GCC_NO_COMMON_BLOCKS = YES;
				GCC_WARN_64_TO_32_BIT_CONVERSION = YES;
				GCC_WARN_ABOUT_RETURN_TYPE = YES_ERROR;
				GCC_WARN_UNDECLARED_SELECTOR = YES;
				GCC_WARN_UNINITIALIZED_AUTOS = YES_AGGRESSIVE;
				GCC_WARN_UNUSED_FUNCTION = YES;
				GCC_WARN_UNUSED_VARIABLE = YES;
				IPHONEOS_DEPLOYMENT_TARGET = 9.1;
				MTL_ENABLE_DEBUG_INFO = NO;
				SDKROOT = iphoneos;
				VALIDATE_PRODUCT = YES;
			};
			name = Release;
		};
		E7CC0E231C059DE50056CB2D /* Debug */ = {
			isa = XCBuildConfiguration;
			buildSettings = {
				ASSETCATALOG_COMPILER_APPICON_NAME = AppIcon;
				INFOPLIST_FILE = "DesignPatter-Visitor/Info.plist";
				LD_RUNPATH_SEARCH_PATHS = "$(inherited) @executable_path/Frameworks";
				PRODUCT_BUNDLE_IDENTIFIER = "cn.ase.DesignPatter-Visitor";
				PRODUCT_NAME = "$(TARGET_NAME)";
			};
			name = Debug;
		};
		E7CC0E241C059DE50056CB2D /* Release */ = {
			isa = XCBuildConfiguration;
			buildSettings = {
				ASSETCATALOG_COMPILER_APPICON_NAME = AppIcon;
				INFOPLIST_FILE = "DesignPatter-Visitor/Info.plist";
				LD_RUNPATH_SEARCH_PATHS = "$(inherited) @executable_path/Frameworks";
				PRODUCT_BUNDLE_IDENTIFIER = "cn.ase.DesignPatter-Visitor";
				PRODUCT_NAME = "$(TARGET_NAME)";
			};
			name = Release;
		};
		E7CC0E261C059DE50056CB2D /* Debug */ = {
			isa = XCBuildConfiguration;
			buildSettings = {
				BUNDLE_LOADER = "$(TEST_HOST)";
				INFOPLIST_FILE = "DesignPatter-VisitorTests/Info.plist";
				LD_RUNPATH_SEARCH_PATHS = "$(inherited) @executable_path/Frameworks @loader_path/Frameworks";
				PRODUCT_BUNDLE_IDENTIFIER = "cn.ase.DesignPatter-VisitorTests";
				PRODUCT_NAME = "$(TARGET_NAME)";
				TEST_HOST = "$(BUILT_PRODUCTS_DIR)/DesignPatter-Visitor.app/DesignPatter-Visitor";
			};
			name = Debug;
		};
		E7CC0E271C059DE50056CB2D /* Release */ = {
			isa = XCBuildConfiguration;
			buildSettings = {
				BUNDLE_LOADER = "$(TEST_HOST)";
				INFOPLIST_FILE = "DesignPatter-VisitorTests/Info.plist";
				LD_RUNPATH_SEARCH_PATHS = "$(inherited) @executable_path/Frameworks @loader_path/Frameworks";
				PRODUCT_BUNDLE_IDENTIFIER = "cn.ase.DesignPatter-VisitorTests";
				PRODUCT_NAME = "$(TARGET_NAME)";
				TEST_HOST = "$(BUILT_PRODUCTS_DIR)/DesignPatter-Visitor.app/DesignPatter-Visitor";
			};
			name = Release;
		};
		E7CC0E291C059DE50056CB2D /* Debug */ = {
			isa = XCBuildConfiguration;
			buildSettings = {
				INFOPLIST_FILE = "DesignPatter-VisitorUITests/Info.plist";
				LD_RUNPATH_SEARCH_PATHS = "$(inherited) @executable_path/Frameworks @loader_path/Frameworks";
				PRODUCT_BUNDLE_IDENTIFIER = "cn.ase.DesignPatter-VisitorUITests";
				PRODUCT_NAME = "$(TARGET_NAME)";
				TEST_TARGET_NAME = "DesignPatter-Visitor";
				USES_XCTRUNNER = YES;
			};
			name = Debug;
		};
		E7CC0E2A1C059DE50056CB2D /* Release */ = {
			isa = XCBuildConfiguration;
			buildSettings = {
				INFOPLIST_FILE = "DesignPatter-VisitorUITests/Info.plist";
				LD_RUNPATH_SEARCH_PATHS = "$(inherited) @executable_path/Frameworks @loader_path/Frameworks";
				PRODUCT_BUNDLE_IDENTIFIER = "cn.ase.DesignPatter-VisitorUITests";
				PRODUCT_NAME = "$(TARGET_NAME)";
				TEST_TARGET_NAME = "DesignPatter-Visitor";
				USES_XCTRUNNER = YES;
			};
			name = Release;
		};
/* End XCBuildConfiguration section */

/* Begin XCConfigurationList section */
		E7CC0DF01C059DE40056CB2D /* Build configuration list for PBXProject "DesignPatter-Visitor" */ = {
			isa = XCConfigurationList;
			buildConfigurations = (
				E7CC0E201C059DE50056CB2D /* Debug */,
				E7CC0E211C059DE50056CB2D /* Release */,
			);
			defaultConfigurationIsVisible = 0;
			defaultConfigurationName = Release;
		};
		E7CC0E221C059DE50056CB2D /* Build configuration list for PBXNativeTarget "DesignPatter-Visitor" */ = {
			isa = XCConfigurationList;
			buildConfigurations = (
				E7CC0E231C059DE50056CB2D /* Debug */,
				E7CC0E241C059DE50056CB2D /* Release */,
			);
			defaultConfigurationIsVisible = 0;
			defaultConfigurationName = Release;
		};
		E7CC0E251C059DE50056CB2D /* Build configuration list for PBXNativeTarget "DesignPatter-VisitorTests" */ = {
			isa = XCConfigurationList;
			buildConfigurations = (
				E7CC0E261C059DE50056CB2D /* Debug */,
				E7CC0E271C059DE50056CB2D /* Release */,
			);
			defaultConfigurationIsVisible = 0;
			defaultConfigurationName = Release;
		};
		E7CC0E281C059DE50056CB2D /* Build configuration list for PBXNativeTarget "DesignPatter-VisitorUITests" */ = {
			isa = XCConfigurationList;
			buildConfigurations = (
				E7CC0E291C059DE50056CB2D /* Debug */,
				E7CC0E2A1C059DE50056CB2D /* Release */,
			);
			defaultConfigurationIsVisible = 0;
			defaultConfigurationName = Release;
		};
/* End XCConfigurationList section */
	};
	rootObject = E7CC0DED1C059DE40056CB2D /* Project object */;
}
